
Microsoft Visual Studio Solution File, Format Version 12.00
# Visual Studio 14
VisualStudioVersion = 14.0.25420.1
MinimumVisualStudioVersion = 10.0.40219.1
Project("{FAE04EC0-301F-11D3-BF4B-00C04F79EFBC}") = "CSharpDailyLearning", "CSharpDailyLearning\CSharpDailyLearning.csproj", "{A84271A7-CC27-41D2-AD12-96FB3CD5DFF9}"
EndProject
Project("{FAE04EC0-301F-11D3-BF4B-00C04F79EFBC}") = "CovariantContravariant", "CovariantInverted\CovariantContravariant.csproj", "{5004A220-A951-44C6-8A2A-5873DF73FED0}"
EndProject
Global
	GlobalSection(SolutionConfigurationPlatforms) = preSolution
		Debug|Any CPU = Debug|Any CPU
		Release|Any CPU = Release|Any CPU
	EndGlobalSection
	GlobalSection(ProjectConfigurationPlatforms) = postSolution
		{A84271A7-CC27-41D2-AD12-96FB3CD5DFF9}.Debug|Any CPU.ActiveCfg = Debug|Any CPU
		{A84271A7-CC27-41D2-AD12-96FB3CD5DFF9}.Debug|Any CPU.Build.0 = Debug|Any CPU
		{A84271A7-CC27-41D2-AD12-96FB3CD5DFF9}.Release|Any CPU.ActiveCfg = Release|Any CPU
		{A84271A7-CC27-41D2-AD12-96FB3CD5DFF9}.Release|Any CPU.Build.0 = Release|Any CPU
		{5004A220-A951-44C6-8A2A-5873DF73FED0}.Debug|Any CPU.ActiveCfg = Debug|Any CPU
		{5004A220-A951-44C6-8A2A-5873DF73FED0}.Debug|Any CPU.Build.0 = Debug|Any CPU
		{5004A220-A951-44C6-8A2A-5873DF73FED0}.Release|Any CPU.ActiveCfg = Release|Any CPU
		{5004A220-A951-44C6-8A2A-5873DF73FED0}.Release|Any CPU.Build.0 = Release|Any CPU
	EndGlobalSection
	GlobalSection(SolutionProperties) = preSolution
		HideSolutionNode = FALSE
	EndGlobalSection
EndGlobal
