
Microsoft Visual Studio Solution File, Format Version 12.00
# Visual Studio 14
VisualStudioVersion = 14.0.25420.1
MinimumVisualStudioVersion = 10.0.40219.1
Project("{FAE04EC0-301F-11D3-BF4B-00C04F79EFBC}") = "CSharpDailyLearning", "CSharpDailyLearning\CSharpDailyLearning.csproj", "{A84271A7-CC27-41D2-AD12-96FB3CD5DFF9}"
EndProject
Project("{FAE04EC0-301F-11D3-BF4B-00C04F79EFBC}") = "CovariantContravariant", "CovariantInverted\CovariantContravariant.csproj", "{5004A220-A951-44C6-8A2A-5873DF73FED0}"
EndProject
Project("{2150E333-8FDC-42A3-9474-1A3956D46DE8}") = "00.Base", "00.Base", "{98586055-11B1-4BE1-808B-C97D31001C51}"
EndProject
Project("{2150E333-8FDC-42A3-9474-1A3956D46DE8}") = "01.Normal", "01.Normal", "{7CBE9835-1B09-4051-B6B0-92821F50E319}"
EndProject
Project("{FAE04EC0-301F-11D3-BF4B-00C04F79EFBC}") = "EnumOperator", "EnumOperator\EnumOperator.csproj", "{87AA2144-B3CC-40CD-9A9C-7283B1FB64BD}"
EndProject
Project("{FAE04EC0-301F-11D3-BF4B-00C04F79EFBC}") = "EnumOperatorTests", "EnumOperatorTests\EnumOperatorTests.csproj", "{76BC4631-30BE-468B-81EE-3724BBD29E3A}"
EndProject
Project("{FAE04EC0-301F-11D3-BF4B-00C04F79EFBC}") = "ClassAndOO", "ClassAndOO\ClassAndOO.csproj", "{3B1EA8BB-950D-4CA3-9D14-D7C74237FA47}"
EndProject
Project("{FAE04EC0-301F-11D3-BF4B-00C04F79EFBC}") = "ClassAndOOTests", "ClassAndOOTests\ClassAndOOTests.csproj", "{FB4D36E3-B0EF-4126-BB05-27F74DF80428}"
EndProject
Global
	GlobalSection(SolutionConfigurationPlatforms) = preSolution
		Debug|Any CPU = Debug|Any CPU
		Release|Any CPU = Release|Any CPU
	EndGlobalSection
	GlobalSection(ProjectConfigurationPlatforms) = postSolution
		{A84271A7-CC27-41D2-AD12-96FB3CD5DFF9}.Debug|Any CPU.ActiveCfg = Debug|Any CPU
		{A84271A7-CC27-41D2-AD12-96FB3CD5DFF9}.Debug|Any CPU.Build.0 = Debug|Any CPU
		{A84271A7-CC27-41D2-AD12-96FB3CD5DFF9}.Release|Any CPU.ActiveCfg = Release|Any CPU
		{A84271A7-CC27-41D2-AD12-96FB3CD5DFF9}.Release|Any CPU.Build.0 = Release|Any CPU
		{5004A220-A951-44C6-8A2A-5873DF73FED0}.Debug|Any CPU.ActiveCfg = Debug|Any CPU
		{5004A220-A951-44C6-8A2A-5873DF73FED0}.Debug|Any CPU.Build.0 = Debug|Any CPU
		{5004A220-A951-44C6-8A2A-5873DF73FED0}.Release|Any CPU.ActiveCfg = Release|Any CPU
		{5004A220-A951-44C6-8A2A-5873DF73FED0}.Release|Any CPU.Build.0 = Release|Any CPU
		{87AA2144-B3CC-40CD-9A9C-7283B1FB64BD}.Debug|Any CPU.ActiveCfg = Debug|Any CPU
		{87AA2144-B3CC-40CD-9A9C-7283B1FB64BD}.Debug|Any CPU.Build.0 = Debug|Any CPU
		{87AA2144-B3CC-40CD-9A9C-7283B1FB64BD}.Release|Any CPU.ActiveCfg = Release|Any CPU
		{87AA2144-B3CC-40CD-9A9C-7283B1FB64BD}.Release|Any CPU.Build.0 = Release|Any CPU
		{76BC4631-30BE-468B-81EE-3724BBD29E3A}.Debug|Any CPU.ActiveCfg = Debug|Any CPU
		{76BC4631-30BE-468B-81EE-3724BBD29E3A}.Debug|Any CPU.Build.0 = Debug|Any CPU
		{76BC4631-30BE-468B-81EE-3724BBD29E3A}.Release|Any CPU.ActiveCfg = Release|Any CPU
		{76BC4631-30BE-468B-81EE-3724BBD29E3A}.Release|Any CPU.Build.0 = Release|Any CPU
		{3B1EA8BB-950D-4CA3-9D14-D7C74237FA47}.Debug|Any CPU.ActiveCfg = Debug|Any CPU
		{3B1EA8BB-950D-4CA3-9D14-D7C74237FA47}.Debug|Any CPU.Build.0 = Debug|Any CPU
		{3B1EA8BB-950D-4CA3-9D14-D7C74237FA47}.Release|Any CPU.ActiveCfg = Release|Any CPU
		{3B1EA8BB-950D-4CA3-9D14-D7C74237FA47}.Release|Any CPU.Build.0 = Release|Any CPU
		{FB4D36E3-B0EF-4126-BB05-27F74DF80428}.Debug|Any CPU.ActiveCfg = Debug|Any CPU
		{FB4D36E3-B0EF-4126-BB05-27F74DF80428}.Debug|Any CPU.Build.0 = Debug|Any CPU
		{FB4D36E3-B0EF-4126-BB05-27F74DF80428}.Release|Any CPU.ActiveCfg = Release|Any CPU
		{FB4D36E3-B0EF-4126-BB05-27F74DF80428}.Release|Any CPU.Build.0 = Release|Any CPU
	EndGlobalSection
	GlobalSection(SolutionProperties) = preSolution
		HideSolutionNode = FALSE
	EndGlobalSection
	GlobalSection(NestedProjects) = preSolution
		{5004A220-A951-44C6-8A2A-5873DF73FED0} = {7CBE9835-1B09-4051-B6B0-92821F50E319}
		{87AA2144-B3CC-40CD-9A9C-7283B1FB64BD} = {98586055-11B1-4BE1-808B-C97D31001C51}
		{76BC4631-30BE-468B-81EE-3724BBD29E3A} = {98586055-11B1-4BE1-808B-C97D31001C51}
		{3B1EA8BB-950D-4CA3-9D14-D7C74237FA47} = {7CBE9835-1B09-4051-B6B0-92821F50E319}
		{FB4D36E3-B0EF-4126-BB05-27F74DF80428} = {7CBE9835-1B09-4051-B6B0-92821F50E319}
	EndGlobalSection
EndGlobal
