
Microsoft Visual Studio Solution File, Format Version 12.00
# Visual Studio 14
VisualStudioVersion = 14.0.25420.1
MinimumVisualStudioVersion = 10.0.40219.1
Project("{FAE04EC0-301F-11D3-BF4B-00C04F79EFBC}") = "CSharpDailyLearning", "CSharpDailyLearning\CSharpDailyLearning.csproj", "{A84271A7-CC27-41D2-AD12-96FB3CD5DFF9}"
EndProject
Project("{FAE04EC0-301F-11D3-BF4B-00C04F79EFBC}") = "CovariantContravariant", "CovariantInverted\CovariantContravariant.csproj", "{5004A220-A951-44C6-8A2A-5873DF73FED0}"
EndProject
Project("{2150E333-8FDC-42A3-9474-1A3956D46DE8}") = "00.Base", "00.Base", "{98586055-11B1-4BE1-808B-C97D31001C51}"
EndProject
Project("{2150E333-8FDC-42A3-9474-1A3956D46DE8}") = "01.Normal", "01.Normal", "{7CBE9835-1B09-4051-B6B0-92821F50E319}"
EndProject
Project("{FAE04EC0-301F-11D3-BF4B-00C04F79EFBC}") = "EnumOperator", "EnumOperator\EnumOperator.csproj", "{87AA2144-B3CC-40CD-9A9C-7283B1FB64BD}"
EndProject
Project("{FAE04EC0-301F-11D3-BF4B-00C04F79EFBC}") = "EnumOperatorTests", "EnumOperatorTests\EnumOperatorTests.csproj", "{76BC4631-30BE-468B-81EE-3724BBD29E3A}"
EndProject
Project("{FAE04EC0-301F-11D3-BF4B-00C04F79EFBC}") = "ClassAndOO", "ClassAndOO\ClassAndOO.csproj", "{3B1EA8BB-950D-4CA3-9D14-D7C74237FA47}"
EndProject
Project("{FAE04EC0-301F-11D3-BF4B-00C04F79EFBC}") = "ClassAndOOTests", "ClassAndOOTests\ClassAndOOTests.csproj", "{FB4D36E3-B0EF-4126-BB05-27F74DF80428}"
EndProject
Project("{FAE04EC0-301F-11D3-BF4B-00C04F79EFBC}") = "Delegate", "Delegate\Delegate.csproj", "{0699CCE1-DA38-4828-935D-B26BDA3CF80C}"
EndProject
Project("{FAE04EC0-301F-11D3-BF4B-00C04F79EFBC}") = "ContextualKeywords", "ContextualKeywords\ContextualKeywords.csproj", "{7263FDF0-1477-4791-A758-0A704E917615}"
EndProject
Project("{FAE04EC0-301F-11D3-BF4B-00C04F79EFBC}") = "ContextualKeywordsTests", "ContextualKeywordsTests\ContextualKeywordsTests.csproj", "{08322518-2291-4E6B-875E-376EBE312582}"
EndProject
Project("{FAE04EC0-301F-11D3-BF4B-00C04F79EFBC}") = "DelegateTests", "DelegateTests\DelegateTests.csproj", "{F49C1892-35AD-4A75-B827-916E6BF497CF}"
EndProject
Project("{FAE04EC0-301F-11D3-BF4B-00C04F79EFBC}") = "ThreadBase", "ThreadBase\ThreadBase.csproj", "{647B27C2-FB6A-49A1-BD09-2F26BA9EF7BF}"
EndProject
Project("{FAE04EC0-301F-11D3-BF4B-00C04F79EFBC}") = "ThreadBaseTests", "ThreadBaseTests\ThreadBaseTests.csproj", "{A565D547-202C-45E9-8F80-7F47996F7DA2}"
EndProject
Global
	GlobalSection(SolutionConfigurationPlatforms) = preSolution
		Debug|Any CPU = Debug|Any CPU
		Debug|x64 = Debug|x64
		Debug|x86 = Debug|x86
		Release|Any CPU = Release|Any CPU
		Release|x64 = Release|x64
		Release|x86 = Release|x86
	EndGlobalSection
	GlobalSection(ProjectConfigurationPlatforms) = postSolution
		{A84271A7-CC27-41D2-AD12-96FB3CD5DFF9}.Debug|Any CPU.ActiveCfg = Debug|Any CPU
		{A84271A7-CC27-41D2-AD12-96FB3CD5DFF9}.Debug|Any CPU.Build.0 = Debug|Any CPU
		{A84271A7-CC27-41D2-AD12-96FB3CD5DFF9}.Debug|x64.ActiveCfg = Debug|x64
		{A84271A7-CC27-41D2-AD12-96FB3CD5DFF9}.Debug|x64.Build.0 = Debug|x64
		{A84271A7-CC27-41D2-AD12-96FB3CD5DFF9}.Debug|x86.ActiveCfg = Release|x86
		{A84271A7-CC27-41D2-AD12-96FB3CD5DFF9}.Release|Any CPU.ActiveCfg = Release|Any CPU
		{A84271A7-CC27-41D2-AD12-96FB3CD5DFF9}.Release|Any CPU.Build.0 = Release|Any CPU
		{A84271A7-CC27-41D2-AD12-96FB3CD5DFF9}.Release|x64.ActiveCfg = Release|x64
		{A84271A7-CC27-41D2-AD12-96FB3CD5DFF9}.Release|x64.Build.0 = Release|x64
		{A84271A7-CC27-41D2-AD12-96FB3CD5DFF9}.Release|x86.ActiveCfg = Release|x86
		{A84271A7-CC27-41D2-AD12-96FB3CD5DFF9}.Release|x86.Build.0 = Release|x86
		{5004A220-A951-44C6-8A2A-5873DF73FED0}.Debug|Any CPU.ActiveCfg = Debug|Any CPU
		{5004A220-A951-44C6-8A2A-5873DF73FED0}.Debug|Any CPU.Build.0 = Debug|Any CPU
		{5004A220-A951-44C6-8A2A-5873DF73FED0}.Debug|x64.ActiveCfg = Debug|Any CPU
		{5004A220-A951-44C6-8A2A-5873DF73FED0}.Debug|x64.Build.0 = Debug|Any CPU
		{5004A220-A951-44C6-8A2A-5873DF73FED0}.Debug|x86.ActiveCfg = Debug|Any CPU
		{5004A220-A951-44C6-8A2A-5873DF73FED0}.Debug|x86.Build.0 = Debug|Any CPU
		{5004A220-A951-44C6-8A2A-5873DF73FED0}.Release|Any CPU.ActiveCfg = Release|Any CPU
		{5004A220-A951-44C6-8A2A-5873DF73FED0}.Release|Any CPU.Build.0 = Release|Any CPU
		{5004A220-A951-44C6-8A2A-5873DF73FED0}.Release|x64.ActiveCfg = Release|Any CPU
		{5004A220-A951-44C6-8A2A-5873DF73FED0}.Release|x64.Build.0 = Release|Any CPU
		{5004A220-A951-44C6-8A2A-5873DF73FED0}.Release|x86.ActiveCfg = Release|Any CPU
		{5004A220-A951-44C6-8A2A-5873DF73FED0}.Release|x86.Build.0 = Release|Any CPU
		{87AA2144-B3CC-40CD-9A9C-7283B1FB64BD}.Debug|Any CPU.ActiveCfg = Debug|Any CPU
		{87AA2144-B3CC-40CD-9A9C-7283B1FB64BD}.Debug|Any CPU.Build.0 = Debug|Any CPU
		{87AA2144-B3CC-40CD-9A9C-7283B1FB64BD}.Debug|x64.ActiveCfg = Debug|Any CPU
		{87AA2144-B3CC-40CD-9A9C-7283B1FB64BD}.Debug|x64.Build.0 = Debug|Any CPU
		{87AA2144-B3CC-40CD-9A9C-7283B1FB64BD}.Debug|x86.ActiveCfg = Debug|Any CPU
		{87AA2144-B3CC-40CD-9A9C-7283B1FB64BD}.Debug|x86.Build.0 = Debug|Any CPU
		{87AA2144-B3CC-40CD-9A9C-7283B1FB64BD}.Release|Any CPU.ActiveCfg = Release|Any CPU
		{87AA2144-B3CC-40CD-9A9C-7283B1FB64BD}.Release|Any CPU.Build.0 = Release|Any CPU
		{87AA2144-B3CC-40CD-9A9C-7283B1FB64BD}.Release|x64.ActiveCfg = Release|Any CPU
		{87AA2144-B3CC-40CD-9A9C-7283B1FB64BD}.Release|x64.Build.0 = Release|Any CPU
		{87AA2144-B3CC-40CD-9A9C-7283B1FB64BD}.Release|x86.ActiveCfg = Release|Any CPU
		{87AA2144-B3CC-40CD-9A9C-7283B1FB64BD}.Release|x86.Build.0 = Release|Any CPU
		{76BC4631-30BE-468B-81EE-3724BBD29E3A}.Debug|Any CPU.ActiveCfg = Debug|Any CPU
		{76BC4631-30BE-468B-81EE-3724BBD29E3A}.Debug|Any CPU.Build.0 = Debug|Any CPU
		{76BC4631-30BE-468B-81EE-3724BBD29E3A}.Debug|x64.ActiveCfg = Debug|Any CPU
		{76BC4631-30BE-468B-81EE-3724BBD29E3A}.Debug|x64.Build.0 = Debug|Any CPU
		{76BC4631-30BE-468B-81EE-3724BBD29E3A}.Debug|x86.ActiveCfg = Debug|Any CPU
		{76BC4631-30BE-468B-81EE-3724BBD29E3A}.Debug|x86.Build.0 = Debug|Any CPU
		{76BC4631-30BE-468B-81EE-3724BBD29E3A}.Release|Any CPU.ActiveCfg = Release|Any CPU
		{76BC4631-30BE-468B-81EE-3724BBD29E3A}.Release|Any CPU.Build.0 = Release|Any CPU
		{76BC4631-30BE-468B-81EE-3724BBD29E3A}.Release|x64.ActiveCfg = Release|Any CPU
		{76BC4631-30BE-468B-81EE-3724BBD29E3A}.Release|x64.Build.0 = Release|Any CPU
		{76BC4631-30BE-468B-81EE-3724BBD29E3A}.Release|x86.ActiveCfg = Release|Any CPU
		{76BC4631-30BE-468B-81EE-3724BBD29E3A}.Release|x86.Build.0 = Release|Any CPU
		{3B1EA8BB-950D-4CA3-9D14-D7C74237FA47}.Debug|Any CPU.ActiveCfg = Debug|Any CPU
		{3B1EA8BB-950D-4CA3-9D14-D7C74237FA47}.Debug|Any CPU.Build.0 = Debug|Any CPU
		{3B1EA8BB-950D-4CA3-9D14-D7C74237FA47}.Debug|x64.ActiveCfg = Debug|Any CPU
		{3B1EA8BB-950D-4CA3-9D14-D7C74237FA47}.Debug|x64.Build.0 = Debug|Any CPU
		{3B1EA8BB-950D-4CA3-9D14-D7C74237FA47}.Debug|x86.ActiveCfg = Debug|Any CPU
		{3B1EA8BB-950D-4CA3-9D14-D7C74237FA47}.Debug|x86.Build.0 = Debug|Any CPU
		{3B1EA8BB-950D-4CA3-9D14-D7C74237FA47}.Release|Any CPU.ActiveCfg = Release|Any CPU
		{3B1EA8BB-950D-4CA3-9D14-D7C74237FA47}.Release|Any CPU.Build.0 = Release|Any CPU
		{3B1EA8BB-950D-4CA3-9D14-D7C74237FA47}.Release|x64.ActiveCfg = Release|Any CPU
		{3B1EA8BB-950D-4CA3-9D14-D7C74237FA47}.Release|x64.Build.0 = Release|Any CPU
		{3B1EA8BB-950D-4CA3-9D14-D7C74237FA47}.Release|x86.ActiveCfg = Release|Any CPU
		{3B1EA8BB-950D-4CA3-9D14-D7C74237FA47}.Release|x86.Build.0 = Release|Any CPU
		{FB4D36E3-B0EF-4126-BB05-27F74DF80428}.Debug|Any CPU.ActiveCfg = Debug|Any CPU
		{FB4D36E3-B0EF-4126-BB05-27F74DF80428}.Debug|Any CPU.Build.0 = Debug|Any CPU
		{FB4D36E3-B0EF-4126-BB05-27F74DF80428}.Debug|x64.ActiveCfg = Debug|Any CPU
		{FB4D36E3-B0EF-4126-BB05-27F74DF80428}.Debug|x64.Build.0 = Debug|Any CPU
		{FB4D36E3-B0EF-4126-BB05-27F74DF80428}.Debug|x86.ActiveCfg = Debug|Any CPU
		{FB4D36E3-B0EF-4126-BB05-27F74DF80428}.Debug|x86.Build.0 = Debug|Any CPU
		{FB4D36E3-B0EF-4126-BB05-27F74DF80428}.Release|Any CPU.ActiveCfg = Release|Any CPU
		{FB4D36E3-B0EF-4126-BB05-27F74DF80428}.Release|Any CPU.Build.0 = Release|Any CPU
		{FB4D36E3-B0EF-4126-BB05-27F74DF80428}.Release|x64.ActiveCfg = Release|Any CPU
		{FB4D36E3-B0EF-4126-BB05-27F74DF80428}.Release|x64.Build.0 = Release|Any CPU
		{FB4D36E3-B0EF-4126-BB05-27F74DF80428}.Release|x86.ActiveCfg = Release|Any CPU
		{FB4D36E3-B0EF-4126-BB05-27F74DF80428}.Release|x86.Build.0 = Release|Any CPU
		{0699CCE1-DA38-4828-935D-B26BDA3CF80C}.Debug|Any CPU.ActiveCfg = Debug|Any CPU
		{0699CCE1-DA38-4828-935D-B26BDA3CF80C}.Debug|Any CPU.Build.0 = Debug|Any CPU
		{0699CCE1-DA38-4828-935D-B26BDA3CF80C}.Debug|x64.ActiveCfg = Debug|Any CPU
		{0699CCE1-DA38-4828-935D-B26BDA3CF80C}.Debug|x64.Build.0 = Debug|Any CPU
		{0699CCE1-DA38-4828-935D-B26BDA3CF80C}.Debug|x86.ActiveCfg = Debug|Any CPU
		{0699CCE1-DA38-4828-935D-B26BDA3CF80C}.Debug|x86.Build.0 = Debug|Any CPU
		{0699CCE1-DA38-4828-935D-B26BDA3CF80C}.Release|Any CPU.ActiveCfg = Release|Any CPU
		{0699CCE1-DA38-4828-935D-B26BDA3CF80C}.Release|Any CPU.Build.0 = Release|Any CPU
		{0699CCE1-DA38-4828-935D-B26BDA3CF80C}.Release|x64.ActiveCfg = Release|Any CPU
		{0699CCE1-DA38-4828-935D-B26BDA3CF80C}.Release|x64.Build.0 = Release|Any CPU
		{0699CCE1-DA38-4828-935D-B26BDA3CF80C}.Release|x86.ActiveCfg = Release|Any CPU
		{0699CCE1-DA38-4828-935D-B26BDA3CF80C}.Release|x86.Build.0 = Release|Any CPU
		{7263FDF0-1477-4791-A758-0A704E917615}.Debug|Any CPU.ActiveCfg = Debug|Any CPU
		{7263FDF0-1477-4791-A758-0A704E917615}.Debug|Any CPU.Build.0 = Debug|Any CPU
		{7263FDF0-1477-4791-A758-0A704E917615}.Debug|x64.ActiveCfg = Debug|Any CPU
		{7263FDF0-1477-4791-A758-0A704E917615}.Debug|x64.Build.0 = Debug|Any CPU
		{7263FDF0-1477-4791-A758-0A704E917615}.Debug|x86.ActiveCfg = Debug|Any CPU
		{7263FDF0-1477-4791-A758-0A704E917615}.Debug|x86.Build.0 = Debug|Any CPU
		{7263FDF0-1477-4791-A758-0A704E917615}.Release|Any CPU.ActiveCfg = Release|Any CPU
		{7263FDF0-1477-4791-A758-0A704E917615}.Release|Any CPU.Build.0 = Release|Any CPU
		{7263FDF0-1477-4791-A758-0A704E917615}.Release|x64.ActiveCfg = Release|Any CPU
		{7263FDF0-1477-4791-A758-0A704E917615}.Release|x64.Build.0 = Release|Any CPU
		{7263FDF0-1477-4791-A758-0A704E917615}.Release|x86.ActiveCfg = Release|Any CPU
		{7263FDF0-1477-4791-A758-0A704E917615}.Release|x86.Build.0 = Release|Any CPU
		{08322518-2291-4E6B-875E-376EBE312582}.Debug|Any CPU.ActiveCfg = Debug|Any CPU
		{08322518-2291-4E6B-875E-376EBE312582}.Debug|Any CPU.Build.0 = Debug|Any CPU
		{08322518-2291-4E6B-875E-376EBE312582}.Debug|x64.ActiveCfg = Debug|Any CPU
		{08322518-2291-4E6B-875E-376EBE312582}.Debug|x64.Build.0 = Debug|Any CPU
		{08322518-2291-4E6B-875E-376EBE312582}.Debug|x86.ActiveCfg = Debug|Any CPU
		{08322518-2291-4E6B-875E-376EBE312582}.Debug|x86.Build.0 = Debug|Any CPU
		{08322518-2291-4E6B-875E-376EBE312582}.Release|Any CPU.ActiveCfg = Release|Any CPU
		{08322518-2291-4E6B-875E-376EBE312582}.Release|Any CPU.Build.0 = Release|Any CPU
		{08322518-2291-4E6B-875E-376EBE312582}.Release|x64.ActiveCfg = Release|Any CPU
		{08322518-2291-4E6B-875E-376EBE312582}.Release|x64.Build.0 = Release|Any CPU
		{08322518-2291-4E6B-875E-376EBE312582}.Release|x86.ActiveCfg = Release|Any CPU
		{08322518-2291-4E6B-875E-376EBE312582}.Release|x86.Build.0 = Release|Any CPU
		{F49C1892-35AD-4A75-B827-916E6BF497CF}.Debug|Any CPU.ActiveCfg = Debug|Any CPU
		{F49C1892-35AD-4A75-B827-916E6BF497CF}.Debug|Any CPU.Build.0 = Debug|Any CPU
		{F49C1892-35AD-4A75-B827-916E6BF497CF}.Debug|x64.ActiveCfg = Debug|Any CPU
		{F49C1892-35AD-4A75-B827-916E6BF497CF}.Debug|x64.Build.0 = Debug|Any CPU
		{F49C1892-35AD-4A75-B827-916E6BF497CF}.Debug|x86.ActiveCfg = Debug|Any CPU
		{F49C1892-35AD-4A75-B827-916E6BF497CF}.Debug|x86.Build.0 = Debug|Any CPU
		{F49C1892-35AD-4A75-B827-916E6BF497CF}.Release|Any CPU.ActiveCfg = Release|Any CPU
		{F49C1892-35AD-4A75-B827-916E6BF497CF}.Release|Any CPU.Build.0 = Release|Any CPU
		{F49C1892-35AD-4A75-B827-916E6BF497CF}.Release|x64.ActiveCfg = Release|Any CPU
		{F49C1892-35AD-4A75-B827-916E6BF497CF}.Release|x64.Build.0 = Release|Any CPU
		{F49C1892-35AD-4A75-B827-916E6BF497CF}.Release|x86.ActiveCfg = Release|Any CPU
		{F49C1892-35AD-4A75-B827-916E6BF497CF}.Release|x86.Build.0 = Release|Any CPU
		{647B27C2-FB6A-49A1-BD09-2F26BA9EF7BF}.Debug|Any CPU.ActiveCfg = Debug|Any CPU
		{647B27C2-FB6A-49A1-BD09-2F26BA9EF7BF}.Debug|Any CPU.Build.0 = Debug|Any CPU
		{647B27C2-FB6A-49A1-BD09-2F26BA9EF7BF}.Debug|x64.ActiveCfg = Debug|Any CPU
		{647B27C2-FB6A-49A1-BD09-2F26BA9EF7BF}.Debug|x64.Build.0 = Debug|Any CPU
		{647B27C2-FB6A-49A1-BD09-2F26BA9EF7BF}.Debug|x86.ActiveCfg = Debug|Any CPU
		{647B27C2-FB6A-49A1-BD09-2F26BA9EF7BF}.Debug|x86.Build.0 = Debug|Any CPU
		{647B27C2-FB6A-49A1-BD09-2F26BA9EF7BF}.Release|Any CPU.ActiveCfg = Release|Any CPU
		{647B27C2-FB6A-49A1-BD09-2F26BA9EF7BF}.Release|Any CPU.Build.0 = Release|Any CPU
		{647B27C2-FB6A-49A1-BD09-2F26BA9EF7BF}.Release|x64.ActiveCfg = Release|Any CPU
		{647B27C2-FB6A-49A1-BD09-2F26BA9EF7BF}.Release|x64.Build.0 = Release|Any CPU
		{647B27C2-FB6A-49A1-BD09-2F26BA9EF7BF}.Release|x86.ActiveCfg = Release|Any CPU
		{647B27C2-FB6A-49A1-BD09-2F26BA9EF7BF}.Release|x86.Build.0 = Release|Any CPU
		{A565D547-202C-45E9-8F80-7F47996F7DA2}.Debug|Any CPU.ActiveCfg = Debug|Any CPU
		{A565D547-202C-45E9-8F80-7F47996F7DA2}.Debug|Any CPU.Build.0 = Debug|Any CPU
		{A565D547-202C-45E9-8F80-7F47996F7DA2}.Debug|x64.ActiveCfg = Debug|Any CPU
		{A565D547-202C-45E9-8F80-7F47996F7DA2}.Debug|x64.Build.0 = Debug|Any CPU
		{A565D547-202C-45E9-8F80-7F47996F7DA2}.Debug|x86.ActiveCfg = Debug|Any CPU
		{A565D547-202C-45E9-8F80-7F47996F7DA2}.Debug|x86.Build.0 = Debug|Any CPU
		{A565D547-202C-45E9-8F80-7F47996F7DA2}.Release|Any CPU.ActiveCfg = Release|Any CPU
		{A565D547-202C-45E9-8F80-7F47996F7DA2}.Release|Any CPU.Build.0 = Release|Any CPU
		{A565D547-202C-45E9-8F80-7F47996F7DA2}.Release|x64.ActiveCfg = Release|Any CPU
		{A565D547-202C-45E9-8F80-7F47996F7DA2}.Release|x64.Build.0 = Release|Any CPU
		{A565D547-202C-45E9-8F80-7F47996F7DA2}.Release|x86.ActiveCfg = Release|Any CPU
		{A565D547-202C-45E9-8F80-7F47996F7DA2}.Release|x86.Build.0 = Release|Any CPU
	EndGlobalSection
	GlobalSection(SolutionProperties) = preSolution
		HideSolutionNode = FALSE
	EndGlobalSection
	GlobalSection(NestedProjects) = preSolution
		{5004A220-A951-44C6-8A2A-5873DF73FED0} = {7CBE9835-1B09-4051-B6B0-92821F50E319}
		{87AA2144-B3CC-40CD-9A9C-7283B1FB64BD} = {98586055-11B1-4BE1-808B-C97D31001C51}
		{76BC4631-30BE-468B-81EE-3724BBD29E3A} = {98586055-11B1-4BE1-808B-C97D31001C51}
		{3B1EA8BB-950D-4CA3-9D14-D7C74237FA47} = {7CBE9835-1B09-4051-B6B0-92821F50E319}
		{FB4D36E3-B0EF-4126-BB05-27F74DF80428} = {7CBE9835-1B09-4051-B6B0-92821F50E319}
		{0699CCE1-DA38-4828-935D-B26BDA3CF80C} = {7CBE9835-1B09-4051-B6B0-92821F50E319}
		{7263FDF0-1477-4791-A758-0A704E917615} = {7CBE9835-1B09-4051-B6B0-92821F50E319}
		{08322518-2291-4E6B-875E-376EBE312582} = {7CBE9835-1B09-4051-B6B0-92821F50E319}
		{F49C1892-35AD-4A75-B827-916E6BF497CF} = {7CBE9835-1B09-4051-B6B0-92821F50E319}
		{647B27C2-FB6A-49A1-BD09-2F26BA9EF7BF} = {7CBE9835-1B09-4051-B6B0-92821F50E319}
	EndGlobalSection
EndGlobal
